// !$*UTF8*$!
{
	archiveVersion = 1;
	classes = {
	};
	objectVersion = 46;
	objects = {

/* Begin PBXBuildFile section */
		220E8F1912920D5F001C8B4E /* UIKit.framework in Frameworks */ = {isa = PBXBuildFile; fileRef = 22E27692124EA4D7003E9D3E /* UIKit.framework */; };
		220E8F2112920D5F001C8B4E /* RoseBandwidthTests.h in Resources */ = {isa = PBXBuildFile; fileRef = 220E8F2012920D5F001C8B4E /* RoseBandwidthTests.h */; };
		220E8F2312920D5F001C8B4E /* RoseBandwidthTests.m in Sources */ = {isa = PBXBuildFile; fileRef = 220E8F2212920D5F001C8B4E /* RoseBandwidthTests.m */; };
		22140C6C1326CB4700FCF184 /* FirstRunSettingsViewController.m in Sources */ = {isa = PBXBuildFile; fileRef = 22140C6B1326CB4600FCF184 /* FirstRunSettingsViewController.m */; };
		222E786912FCD1850054276E /* iAd.framework in Frameworks */ = {isa = PBXBuildFile; fileRef = 222E786812FCD1850054276E /* iAd.framework */; };
		2231C4F51321C66100981AEA /* Settings.plist in Resources */ = {isa = PBXBuildFile; fileRef = 2231C4F41321C66100981AEA /* Settings.plist */; };
		2231C4FF1321C7B400981AEA /* StoredSettingsManager.m in Sources */ = {isa = PBXBuildFile; fileRef = 2231C4FE1321C7B400981AEA /* StoredSettingsManager.m */; };
		223B3100129329760092525B /* BandwidthUsageRecord.m in Sources */ = {isa = PBXBuildFile; fileRef = 22E9209012516CF100C7821F /* BandwidthUsageRecord.m */; };
		223B31031293297E0092525B /* VerticalProgressView.m in Sources */ = {isa = PBXBuildFile; fileRef = 221CC97A1251265F002F5069 /* VerticalProgressView.m */; };
		223B3104129329900092525B /* XPathQuery.m in Sources */ = {isa = PBXBuildFile; fileRef = 224E8763124FFA8000CEBF0F /* XPathQuery.m */; };
		223B3105129329900092525B /* BandwidthScraper.m in Sources */ = {isa = PBXBuildFile; fileRef = 224E874B124FE8B400CEBF0F /* BandwidthScraper.m */; };
		223B3106129329900092525B /* KerberosAccountManager.m in Sources */ = {isa = PBXBuildFile; fileRef = 22E2771F124EEE2D003E9D3E /* KerberosAccountManager.m */; };
		223B3107129329900092525B /* KeychainItemWrapper.m in Sources */ = {isa = PBXBuildFile; fileRef = 22E2771A124EED8E003E9D3E /* KeychainItemWrapper.m */; };
		223B3108129329900092525B /* BandwidthUsageViewController.m in Sources */ = {isa = PBXBuildFile; fileRef = 22E276BD124EA5AB003E9D3E /* BandwidthUsageViewController.m */; };
		223B3109129329900092525B /* BandwidthHistoryTableViewController.m in Sources */ = {isa = PBXBuildFile; fileRef = 22E9209C12516FC200C7821F /* BandwidthHistoryTableViewController.m */; };
		223B310B129329900092525B /* RoseBandwidthTabBarController.m in Sources */ = {isa = PBXBuildFile; fileRef = 22E920BD1252160300C7821F /* RoseBandwidthTabBarController.m */; };
		223B310C129329900092525B /* BandwidthHistoryNavigationController.m in Sources */ = {isa = PBXBuildFile; fileRef = 2201E1B712522885009D0021 /* BandwidthHistoryNavigationController.m */; };
		223B310D129329900092525B /* RoseBandwidthAppDelegate.m in Sources */ = {isa = PBXBuildFile; fileRef = 22E276A0124EA4D7003E9D3E /* RoseBandwidthAppDelegate.m */; };
		223B310E129329900092525B /* main.m in Sources */ = {isa = PBXBuildFile; fileRef = 22E2769D124EA4D7003E9D3E /* main.m */; };
		225909B412FCD5E000669449 /* MainWindow.xib in Resources */ = {isa = PBXBuildFile; fileRef = 225909B212FCD5B900669449 /* MainWindow.xib */; };
		225909B512FCD5E300669449 /* BandwidthHistoryTableView.xib in Resources */ = {isa = PBXBuildFile; fileRef = 22E9209E12516FD800C7821F /* BandwidthHistoryTableView.xib */; };
		225909B712FCD5EC00669449 /* BandwidthUsageView.xib in Resources */ = {isa = PBXBuildFile; fileRef = 22E276BF124EA5D3003E9D3E /* BandwidthUsageView.xib */; };
		225909B912FCD61500669449 /* Icon.png in Resources */ = {isa = PBXBuildFile; fileRef = 226218931264BE320091547B /* Icon.png */; };
		225909BA12FCD61700669449 /* Icon@2x.png in Resources */ = {isa = PBXBuildFile; fileRef = 226218941264BE320091547B /* Icon@2x.png */; };
		225909BB12FCD61900669449 /* Gear.png in Resources */ = {isa = PBXBuildFile; fileRef = 2262188D12637DC00091547B /* Gear.png */; };
		225909BC12FCD61C00669449 /* Gear@2x.png in Resources */ = {isa = PBXBuildFile; fileRef = 2262188E12637DC00091547B /* Gear@2x.png */; };
		225909BD12FCD61E00669449 /* Bars.png in Resources */ = {isa = PBXBuildFile; fileRef = 22621885126361FC0091547B /* Bars.png */; };
		225909BE12FCD62000669449 /* Bars@2x.png in Resources */ = {isa = PBXBuildFile; fileRef = 22621886126361FC0091547B /* Bars@2x.png */; };
		225909C412FCE2AB00669449 /* RoseBandwidth.xcdatamodel in Sources */ = {isa = PBXBuildFile; fileRef = 225909C312FCE2AB00669449 /* RoseBandwidth.xcdatamodel */; };
		22A1302212FC806A001EA3DA /* Security.framework in Frameworks */ = {isa = PBXBuildFile; fileRef = 22A1302112FC806A001EA3DA /* Security.framework */; };
		22D921921329A45200924A30 /* Default.png in Resources */ = {isa = PBXBuildFile; fileRef = 22D921901329A45200924A30 /* Default.png */; };
		22D921931329A45200924A30 /* Default@2x.png in Resources */ = {isa = PBXBuildFile; fileRef = 22D921911329A45200924A30 /* Default@2x.png */; };
		22DCB6341328270900AF3340 /* Localizable.strings in Resources */ = {isa = PBXBuildFile; fileRef = 22DCB6321328270900AF3340 /* Localizable.strings */; };
		22F3CC281293318D00D7DA39 /* CoreData.framework in Frameworks */ = {isa = PBXBuildFile; fileRef = 22F3CC271293318D00D7DA39 /* CoreData.framework */; };
		22F3CC2A1293318D00D7DA39 /* CoreGraphics.framework in Frameworks */ = {isa = PBXBuildFile; fileRef = 22F3CC291293318D00D7DA39 /* CoreGraphics.framework */; };
		22F3CC2C1293318D00D7DA39 /* Foundation.framework in Frameworks */ = {isa = PBXBuildFile; fileRef = 22F3CC2B1293318D00D7DA39 /* Foundation.framework */; };
		22F3CC2E1293318D00D7DA39 /* UIKit.framework in Frameworks */ = {isa = PBXBuildFile; fileRef = 22F3CC2D1293318D00D7DA39 /* UIKit.framework */; };
		22F3CC301293318D00D7DA39 /* libxml2.dylib in Frameworks */ = {isa = PBXBuildFile; fileRef = 22F3CC2F1293318D00D7DA39 /* libxml2.dylib */; };
		22FD334013208C5D0087111F /* MutableOrderedDictionary.m in Sources */ = {isa = PBXBuildFile; fileRef = 22FD333713208C5D0087111F /* MutableOrderedDictionary.m */; };
		22FD334113208C5D0087111F /* PropertyEditorViewController.m in Sources */ = {isa = PBXBuildFile; fileRef = 22FD333913208C5D0087111F /* PropertyEditorViewController.m */; };
		22FD334213208C5D0087111F /* PropertyPickerViewController.m in Sources */ = {isa = PBXBuildFile; fileRef = 22FD333B13208C5D0087111F /* PropertyPickerViewController.m */; };
		22FD334313208C5D0087111F /* Setting.m in Sources */ = {isa = PBXBuildFile; fileRef = 22FD333D13208C5D0087111F /* Setting.m */; };
		22FD334413208C5D0087111F /* SettingsViewController.m in Sources */ = {isa = PBXBuildFile; fileRef = 22FD333F13208C5D0087111F /* SettingsViewController.m */; };
		22FD334913208C720087111F /* PropertyEditorView.xib in Resources */ = {isa = PBXBuildFile; fileRef = 22FD334613208C720087111F /* PropertyEditorView.xib */; };
		22FD334A13208C720087111F /* PropertyPickerView.xib in Resources */ = {isa = PBXBuildFile; fileRef = 22FD334713208C720087111F /* PropertyPickerView.xib */; };
		22FD334B13208C720087111F /* SettingsViewController.xib in Resources */ = {isa = PBXBuildFile; fileRef = 22FD334813208C720087111F /* SettingsViewController.xib */; };
		22FD334E13208FE20087111F /* PrimarySettingsViewController.m in Sources */ = {isa = PBXBuildFile; fileRef = 22FD334D13208FE10087111F /* PrimarySettingsViewController.m */; };
/* End PBXBuildFile section */

/* Begin PBXFileReference section */
		2201E1B612522885009D0021 /* BandwidthHistoryNavigationController.h */ = {isa = PBXFileReference; fileEncoding = 4; lastKnownFileType = sourcecode.c.h; path = BandwidthHistoryNavigationController.h; sourceTree = "<group>"; };
		2201E1B712522885009D0021 /* BandwidthHistoryNavigationController.m */ = {isa = PBXFileReference; fileEncoding = 4; lastKnownFileType = sourcecode.c.objc; path = BandwidthHistoryNavigationController.m; sourceTree = "<group>"; };
		220E8EF412920D5F001C8B4E /* RoseBandwidthiOS.app */ = {isa = PBXFileReference; explicitFileType = wrapper.application; includeInIndex = 0; path = RoseBandwidthiOS.app; sourceTree = BUILT_PRODUCTS_DIR; };
		220E8F1812920D5F001C8B4E /* RoseBandwidthiOSTests.octest */ = {isa = PBXFileReference; explicitFileType = wrapper.cfbundle; includeInIndex = 0; path = RoseBandwidthiOSTests.octest; sourceTree = BUILT_PRODUCTS_DIR; };
		220E8F1C12920D5F001C8B4E /* RoseBandwidthTests-Info.plist */ = {isa = PBXFileReference; lastKnownFileType = text.plist.xml; path = "RoseBandwidthTests-Info.plist"; sourceTree = "<group>"; };
		220E8F1D12920D5F001C8B4E /* RoseBandwidthTests-Prefix.pch */ = {isa = PBXFileReference; lastKnownFileType = sourcecode.c.h; path = "RoseBandwidthTests-Prefix.pch"; sourceTree = "<group>"; };
		220E8F2012920D5F001C8B4E /* RoseBandwidthTests.h */ = {isa = PBXFileReference; lastKnownFileType = sourcecode.c.h; path = RoseBandwidthTests.h; sourceTree = "<group>"; };
		220E8F2212920D5F001C8B4E /* RoseBandwidthTests.m */ = {isa = PBXFileReference; lastKnownFileType = sourcecode.c.objc; path = RoseBandwidthTests.m; sourceTree = "<group>"; };
		22140C6A1326CB4600FCF184 /* FirstRunSettingsViewController.h */ = {isa = PBXFileReference; fileEncoding = 4; lastKnownFileType = sourcecode.c.h; path = FirstRunSettingsViewController.h; sourceTree = "<group>"; };
		22140C6B1326CB4600FCF184 /* FirstRunSettingsViewController.m */ = {isa = PBXFileReference; fileEncoding = 4; lastKnownFileType = sourcecode.c.objc; path = FirstRunSettingsViewController.m; sourceTree = "<group>"; };
		221CC9791251265F002F5069 /* VerticalProgressView.h */ = {isa = PBXFileReference; fileEncoding = 4; lastKnownFileType = sourcecode.c.h; path = VerticalProgressView.h; sourceTree = "<group>"; };
		221CC97A1251265F002F5069 /* VerticalProgressView.m */ = {isa = PBXFileReference; fileEncoding = 4; lastKnownFileType = sourcecode.c.objc; path = VerticalProgressView.m; sourceTree = "<group>"; };
		222E786812FCD1850054276E /* iAd.framework */ = {isa = PBXFileReference; lastKnownFileType = wrapper.framework; name = iAd.framework; path = System/Library/Frameworks/iAd.framework; sourceTree = SDKROOT; };
		2231C4F41321C66100981AEA /* Settings.plist */ = {isa = PBXFileReference; fileEncoding = 4; lastKnownFileType = text.plist.xml; path = Settings.plist; sourceTree = "<group>"; };
		2231C4FD1321C7B400981AEA /* StoredSettingsManager.h */ = {isa = PBXFileReference; fileEncoding = 4; lastKnownFileType = sourcecode.c.h; path = StoredSettingsManager.h; sourceTree = "<group>"; };
		2231C4FE1321C7B400981AEA /* StoredSettingsManager.m */ = {isa = PBXFileReference; fileEncoding = 4; lastKnownFileType = sourcecode.c.objc; path = StoredSettingsManager.m; sourceTree = "<group>"; };
		2237CC0B14622D2E009A2951 /* RoseBandwidth.entitlements */ = {isa = PBXFileReference; lastKnownFileType = text.xml; path = RoseBandwidth.entitlements; sourceTree = "<group>"; };
		224E874A124FE8B400CEBF0F /* BandwidthScraper.h */ = {isa = PBXFileReference; fileEncoding = 4; lastKnownFileType = sourcecode.c.h; path = BandwidthScraper.h; sourceTree = "<group>"; };
		224E874B124FE8B400CEBF0F /* BandwidthScraper.m */ = {isa = PBXFileReference; fileEncoding = 4; lastKnownFileType = sourcecode.c.objc; path = BandwidthScraper.m; sourceTree = "<group>"; };
		224E874D124FE91300CEBF0F /* BandwidthScraperDelegate.h */ = {isa = PBXFileReference; fileEncoding = 4; lastKnownFileType = sourcecode.c.h; path = BandwidthScraperDelegate.h; sourceTree = "<group>"; };
		224E8762124FFA8000CEBF0F /* XPathQuery.h */ = {isa = PBXFileReference; fileEncoding = 4; lastKnownFileType = sourcecode.c.h; path = XPathQuery.h; sourceTree = "<group>"; };
		224E8763124FFA8000CEBF0F /* XPathQuery.m */ = {isa = PBXFileReference; fileEncoding = 4; lastKnownFileType = sourcecode.c.objc; path = XPathQuery.m; sourceTree = "<group>"; };
		225909B312FCD5B900669449 /* en */ = {isa = PBXFileReference; fileEncoding = 4; lastKnownFileType = file.xib; name = en; path = en.lproj/MainWindow.xib; sourceTree = "<group>"; };
		225909C312FCE2AB00669449 /* RoseBandwidth.xcdatamodel */ = {isa = PBXFileReference; lastKnownFileType = wrapper.xcdatamodel; path = RoseBandwidth.xcdatamodel; sourceTree = "<group>"; };
		22621885126361FC0091547B /* Bars.png */ = {isa = PBXFileReference; lastKnownFileType = image.png; name = Bars.png; path = Resources/Bars.png; sourceTree = "<group>"; };
		22621886126361FC0091547B /* Bars@2x.png */ = {isa = PBXFileReference; lastKnownFileType = image.png; name = "Bars@2x.png"; path = "Resources/Bars@2x.png"; sourceTree = "<group>"; };
		2262188D12637DC00091547B /* Gear.png */ = {isa = PBXFileReference; lastKnownFileType = image.png; name = Gear.png; path = Resources/Gear.png; sourceTree = "<group>"; };
		2262188E12637DC00091547B /* Gear@2x.png */ = {isa = PBXFileReference; lastKnownFileType = image.png; name = "Gear@2x.png"; path = "Resources/Gear@2x.png"; sourceTree = "<group>"; };
		226218931264BE320091547B /* Icon.png */ = {isa = PBXFileReference; lastKnownFileType = image.png; name = Icon.png; path = Resources/Icon.png; sourceTree = "<group>"; };
		226218941264BE320091547B /* Icon@2x.png */ = {isa = PBXFileReference; lastKnownFileType = image.png; name = "Icon@2x.png"; path = "Resources/Icon@2x.png"; sourceTree = "<group>"; };
		22A1302112FC806A001EA3DA /* Security.framework */ = {isa = PBXFileReference; lastKnownFileType = wrapper.framework; name = Security.framework; path = System/Library/Frameworks/Security.framework; sourceTree = SDKROOT; };
		22A6040C13282777000793CC /* de */ = {isa = PBXFileReference; lastKnownFileType = text.plist.strings; name = de; path = de.lproj/Localizable.strings; sourceTree = "<group>"; };
		22A6041113288184000793CC /* ja */ = {isa = PBXFileReference; lastKnownFileType = text.plist.strings; name = ja; path = /Users/tim/code/RoseBandwidthiOS/ja.lproj/Localizable.strings; sourceTree = "<absolute>"; };
		22A6041213288184000793CC /* ja */ = {isa = PBXFileReference; lastKnownFileType = file.xib; name = ja; path = /Users/tim/code/RoseBandwidthiOS/ja.lproj/MainWindow.xib; sourceTree = "<absolute>"; };
		22A6041313288184000793CC /* ja */ = {isa = PBXFileReference; lastKnownFileType = file.xib; name = ja; path = /Users/tim/code/RoseBandwidthiOS/ja.lproj/BandwidthUsageView.xib; sourceTree = "<absolute>"; };
		22A6041413288184000793CC /* ja */ = {isa = PBXFileReference; lastKnownFileType = text.plist.strings; name = ja; path = /Users/tim/code/RoseBandwidthiOS/ja.lproj/InfoPlist.strings; sourceTree = "<absolute>"; };
		22A6041513288186000793CC /* fr */ = {isa = PBXFileReference; lastKnownFileType = text.plist.strings; name = fr; path = /Users/tim/code/RoseBandwidthiOS/fr.lproj/Localizable.strings; sourceTree = "<absolute>"; };
		22A6041613288186000793CC /* fr */ = {isa = PBXFileReference; lastKnownFileType = file.xib; name = fr; path = /Users/tim/code/RoseBandwidthiOS/fr.lproj/MainWindow.xib; sourceTree = "<absolute>"; };
		22A6041713288186000793CC /* fr */ = {isa = PBXFileReference; lastKnownFileType = file.xib; name = fr; path = /Users/tim/code/RoseBandwidthiOS/fr.lproj/BandwidthUsageView.xib; sourceTree = "<absolute>"; };
		22A6041813288186000793CC /* fr */ = {isa = PBXFileReference; lastKnownFileType = text.plist.strings; name = fr; path = /Users/tim/code/RoseBandwidthiOS/fr.lproj/InfoPlist.strings; sourceTree = "<absolute>"; };
		22A6041913288188000793CC /* es */ = {isa = PBXFileReference; lastKnownFileType = text.plist.strings; name = es; path = /Users/tim/code/RoseBandwidthiOS/es.lproj/Localizable.strings; sourceTree = "<absolute>"; };
		22A6041A13288188000793CC /* es */ = {isa = PBXFileReference; lastKnownFileType = file.xib; name = es; path = /Users/tim/code/RoseBandwidthiOS/es.lproj/MainWindow.xib; sourceTree = "<absolute>"; };
		22A6041B13288188000793CC /* es */ = {isa = PBXFileReference; lastKnownFileType = file.xib; name = es; path = /Users/tim/code/RoseBandwidthiOS/es.lproj/BandwidthUsageView.xib; sourceTree = "<absolute>"; };
		22A6041C13288188000793CC /* es */ = {isa = PBXFileReference; lastKnownFileType = text.plist.strings; name = es; path = /Users/tim/code/RoseBandwidthiOS/es.lproj/InfoPlist.strings; sourceTree = "<absolute>"; };
		22D921901329A45200924A30 /* Default.png */ = {isa = PBXFileReference; lastKnownFileType = image.png; name = Default.png; path = Resources/Default.png; sourceTree = "<group>"; };
		22D921911329A45200924A30 /* Default@2x.png */ = {isa = PBXFileReference; lastKnownFileType = image.png; name = "Default@2x.png"; path = "Resources/Default@2x.png"; sourceTree = "<group>"; };
		22DCB62D13281F1400AF3340 /* de */ = {isa = PBXFileReference; lastKnownFileType = file.xib; name = de; path = /Users/tim/code/RoseBandwidthiOS/de.lproj/MainWindow.xib; sourceTree = "<absolute>"; };
		22DCB62E13281F1400AF3340 /* de */ = {isa = PBXFileReference; lastKnownFileType = file.xib; name = de; path = /Users/tim/code/RoseBandwidthiOS/de.lproj/BandwidthUsageView.xib; sourceTree = "<absolute>"; };
		22DCB62F13281F1400AF3340 /* de */ = {isa = PBXFileReference; lastKnownFileType = text.plist.strings; name = de; path = /Users/tim/code/RoseBandwidthiOS/de.lproj/InfoPlist.strings; sourceTree = "<absolute>"; };
		22DCB6331328270900AF3340 /* en */ = {isa = PBXFileReference; lastKnownFileType = text.plist.strings; name = en; path = en.lproj/Localizable.strings; sourceTree = "<group>"; };
		22E27692124EA4D7003E9D3E /* UIKit.framework */ = {isa = PBXFileReference; lastKnownFileType = wrapper.framework; name = UIKit.framework; path = System/Library/Frameworks/UIKit.framework; sourceTree = SDKROOT; };
		22E27698124EA4D7003E9D3E /* RoseBandwidth-Info.plist */ = {isa = PBXFileReference; lastKnownFileType = text.plist.xml; path = "RoseBandwidth-Info.plist"; sourceTree = "<group>"; };
		22E27699124EA4D7003E9D3E /* RoseBandwidthiOS-Prefix.pch */ = {isa = PBXFileReference; lastKnownFileType = sourcecode.c.h; path = "RoseBandwidthiOS-Prefix.pch"; sourceTree = "<group>"; };
		22E2769B124EA4D7003E9D3E /* en */ = {isa = PBXFileReference; lastKnownFileType = text.plist.strings; name = en; path = en.lproj/InfoPlist.strings; sourceTree = "<group>"; };
		22E2769D124EA4D7003E9D3E /* main.m */ = {isa = PBXFileReference; lastKnownFileType = sourcecode.c.objc; path = main.m; sourceTree = "<group>"; };
		22E2769F124EA4D7003E9D3E /* RoseBandwidthAppDelegate.h */ = {isa = PBXFileReference; lastKnownFileType = sourcecode.c.h; path = RoseBandwidthAppDelegate.h; sourceTree = "<group>"; };
		22E276A0124EA4D7003E9D3E /* RoseBandwidthAppDelegate.m */ = {isa = PBXFileReference; lastKnownFileType = sourcecode.c.objc; path = RoseBandwidthAppDelegate.m; sourceTree = "<group>"; };
		22E276BC124EA5AB003E9D3E /* BandwidthUsageViewController.h */ = {isa = PBXFileReference; fileEncoding = 4; lastKnownFileType = sourcecode.c.h; path = BandwidthUsageViewController.h; sourceTree = "<group>"; };
		22E276BD124EA5AB003E9D3E /* BandwidthUsageViewController.m */ = {isa = PBXFileReference; fileEncoding = 4; lastKnownFileType = sourcecode.c.objc; path = BandwidthUsageViewController.m; sourceTree = "<group>"; };
		22E276C0124EA5D3003E9D3E /* en */ = {isa = PBXFileReference; lastKnownFileType = file.xib; name = en; path = en.lproj/BandwidthUsageView.xib; sourceTree = "<group>"; };
		22E27719124EED8E003E9D3E /* KeychainItemWrapper.h */ = {isa = PBXFileReference; fileEncoding = 4; lastKnownFileType = sourcecode.c.h; path = KeychainItemWrapper.h; sourceTree = "<group>"; };
		22E2771A124EED8E003E9D3E /* KeychainItemWrapper.m */ = {isa = PBXFileReference; fileEncoding = 4; lastKnownFileType = sourcecode.c.objc; path = KeychainItemWrapper.m; sourceTree = "<group>"; };
		22E2771E124EEE2D003E9D3E /* KerberosAccountManager.h */ = {isa = PBXFileReference; fileEncoding = 4; lastKnownFileType = sourcecode.c.h; path = KerberosAccountManager.h; sourceTree = "<group>"; };
		22E2771F124EEE2D003E9D3E /* KerberosAccountManager.m */ = {isa = PBXFileReference; fileEncoding = 4; lastKnownFileType = sourcecode.c.objc; path = KerberosAccountManager.m; sourceTree = "<group>"; };
		22E920811251637F00C7821F /* KerberosActivityDelegate.h */ = {isa = PBXFileReference; fileEncoding = 4; lastKnownFileType = sourcecode.c.h; path = KerberosActivityDelegate.h; sourceTree = "<group>"; };
		22E9208F12516CF100C7821F /* BandwidthUsageRecord.h */ = {isa = PBXFileReference; fileEncoding = 4; lastKnownFileType = sourcecode.c.h; path = BandwidthUsageRecord.h; sourceTree = "<group>"; };
		22E9209012516CF100C7821F /* BandwidthUsageRecord.m */ = {isa = PBXFileReference; fileEncoding = 4; lastKnownFileType = sourcecode.c.objc; path = BandwidthUsageRecord.m; sourceTree = "<group>"; };
		22E9209B12516FC200C7821F /* BandwidthHistoryTableViewController.h */ = {isa = PBXFileReference; fileEncoding = 4; lastKnownFileType = sourcecode.c.h; path = BandwidthHistoryTableViewController.h; sourceTree = "<group>"; };
		22E9209C12516FC200C7821F /* BandwidthHistoryTableViewController.m */ = {isa = PBXFileReference; fileEncoding = 4; lastKnownFileType = sourcecode.c.objc; path = BandwidthHistoryTableViewController.m; sourceTree = "<group>"; };
		22E9209E12516FD800C7821F /* BandwidthHistoryTableView.xib */ = {isa = PBXFileReference; fileEncoding = 4; lastKnownFileType = file.xib; name = BandwidthHistoryTableView.xib; path = Resources/BandwidthHistoryTableView.xib; sourceTree = "<group>"; };
		22E920BC1252160300C7821F /* RoseBandwidthTabBarController.h */ = {isa = PBXFileReference; fileEncoding = 4; lastKnownFileType = sourcecode.c.h; path = RoseBandwidthTabBarController.h; sourceTree = "<group>"; };
		22E920BD1252160300C7821F /* RoseBandwidthTabBarController.m */ = {isa = PBXFileReference; fileEncoding = 4; lastKnownFileType = sourcecode.c.objc; path = RoseBandwidthTabBarController.m; sourceTree = "<group>"; };
		22F3CC271293318D00D7DA39 /* CoreData.framework */ = {isa = PBXFileReference; lastKnownFileType = wrapper.framework; name = CoreData.framework; path = System/Library/Frameworks/CoreData.framework; sourceTree = SDKROOT; };
		22F3CC291293318D00D7DA39 /* CoreGraphics.framework */ = {isa = PBXFileReference; lastKnownFileType = wrapper.framework; name = CoreGraphics.framework; path = System/Library/Frameworks/CoreGraphics.framework; sourceTree = SDKROOT; };
		22F3CC2B1293318D00D7DA39 /* Foundation.framework */ = {isa = PBXFileReference; lastKnownFileType = wrapper.framework; name = Foundation.framework; path = System/Library/Frameworks/Foundation.framework; sourceTree = SDKROOT; };
		22F3CC2D1293318D00D7DA39 /* UIKit.framework */ = {isa = PBXFileReference; lastKnownFileType = wrapper.framework; name = UIKit.framework; path = System/Library/Frameworks/UIKit.framework; sourceTree = SDKROOT; };
		22F3CC2F1293318D00D7DA39 /* libxml2.dylib */ = {isa = PBXFileReference; lastKnownFileType = "compiled.mach-o.dylib"; name = libxml2.dylib; path = usr/lib/libxml2.dylib; sourceTree = SDKROOT; };
		22FD333613208C5D0087111F /* MutableOrderedDictionary.h */ = {isa = PBXFileReference; fileEncoding = 4; lastKnownFileType = sourcecode.c.h; name = MutableOrderedDictionary.h; path = "../../Mobile-Trail-Mapping/iPhone/SettingsViewController/MutableOrderedDictionary.h"; sourceTree = "<group>"; };
		22FD333713208C5D0087111F /* MutableOrderedDictionary.m */ = {isa = PBXFileReference; fileEncoding = 4; lastKnownFileType = sourcecode.c.objc; name = MutableOrderedDictionary.m; path = "../../Mobile-Trail-Mapping/iPhone/SettingsViewController/MutableOrderedDictionary.m"; sourceTree = "<group>"; };
		22FD333813208C5D0087111F /* PropertyEditorViewController.h */ = {isa = PBXFileReference; fileEncoding = 4; lastKnownFileType = sourcecode.c.h; name = PropertyEditorViewController.h; path = "../../Mobile-Trail-Mapping/iPhone/SettingsViewController/PropertyEditorViewController.h"; sourceTree = "<group>"; };
		22FD333913208C5D0087111F /* PropertyEditorViewController.m */ = {isa = PBXFileReference; fileEncoding = 4; lastKnownFileType = sourcecode.c.objc; name = PropertyEditorViewController.m; path = "../../Mobile-Trail-Mapping/iPhone/SettingsViewController/PropertyEditorViewController.m"; sourceTree = "<group>"; };
		22FD333A13208C5D0087111F /* PropertyPickerViewController.h */ = {isa = PBXFileReference; fileEncoding = 4; lastKnownFileType = sourcecode.c.h; name = PropertyPickerViewController.h; path = "../../Mobile-Trail-Mapping/iPhone/SettingsViewController/PropertyPickerViewController.h"; sourceTree = "<group>"; };
		22FD333B13208C5D0087111F /* PropertyPickerViewController.m */ = {isa = PBXFileReference; fileEncoding = 4; lastKnownFileType = sourcecode.c.objc; name = PropertyPickerViewController.m; path = "../../Mobile-Trail-Mapping/iPhone/SettingsViewController/PropertyPickerViewController.m"; sourceTree = "<group>"; };
		22FD333C13208C5D0087111F /* Setting.h */ = {isa = PBXFileReference; fileEncoding = 4; lastKnownFileType = sourcecode.c.h; name = Setting.h; path = "../../Mobile-Trail-Mapping/iPhone/SettingsViewController/Setting.h"; sourceTree = "<group>"; };
		22FD333D13208C5D0087111F /* Setting.m */ = {isa = PBXFileReference; fileEncoding = 4; lastKnownFileType = sourcecode.c.objc; name = Setting.m; path = "../../Mobile-Trail-Mapping/iPhone/SettingsViewController/Setting.m"; sourceTree = "<group>"; };
		22FD333E13208C5D0087111F /* SettingsViewController.h */ = {isa = PBXFileReference; fileEncoding = 4; lastKnownFileType = sourcecode.c.h; name = SettingsViewController.h; path = "../../Mobile-Trail-Mapping/iPhone/SettingsViewController/SettingsViewController.h"; sourceTree = "<group>"; };
		22FD333F13208C5D0087111F /* SettingsViewController.m */ = {isa = PBXFileReference; fileEncoding = 4; lastKnownFileType = sourcecode.c.objc; name = SettingsViewController.m; path = "../../Mobile-Trail-Mapping/iPhone/SettingsViewController/SettingsViewController.m"; sourceTree = "<group>"; };
		22FD334613208C720087111F /* PropertyEditorView.xib */ = {isa = PBXFileReference; fileEncoding = 4; lastKnownFileType = file.xib; name = PropertyEditorView.xib; path = "../Mobile-Trail-Mapping/iPhone/SettingsViewController/PropertyEditorView.xib"; sourceTree = "<group>"; };
		22FD334713208C720087111F /* PropertyPickerView.xib */ = {isa = PBXFileReference; fileEncoding = 4; lastKnownFileType = file.xib; name = PropertyPickerView.xib; path = "../Mobile-Trail-Mapping/iPhone/SettingsViewController/PropertyPickerView.xib"; sourceTree = "<group>"; };
		22FD334813208C720087111F /* SettingsViewController.xib */ = {isa = PBXFileReference; fileEncoding = 4; lastKnownFileType = file.xib; name = SettingsViewController.xib; path = "../Mobile-Trail-Mapping/iPhone/SettingsViewController/SettingsViewController.xib"; sourceTree = "<group>"; };
		22FD334C13208FE10087111F /* PrimarySettingsViewController.h */ = {isa = PBXFileReference; fileEncoding = 4; lastKnownFileType = sourcecode.c.h; path = PrimarySettingsViewController.h; sourceTree = "<group>"; };
		22FD334D13208FE10087111F /* PrimarySettingsViewController.m */ = {isa = PBXFileReference; fileEncoding = 4; lastKnownFileType = sourcecode.c.objc; path = PrimarySettingsViewController.m; sourceTree = "<group>"; };
/* End PBXFileReference section */

/* Begin PBXFrameworksBuildPhase section */
		220E8EF112920D5F001C8B4E /* Frameworks */ = {
			isa = PBXFrameworksBuildPhase;
			buildActionMask = 2147483647;
			files = (
				222E786912FCD1850054276E /* iAd.framework in Frameworks */,
				22A1302212FC806A001EA3DA /* Security.framework in Frameworks */,
				22F3CC281293318D00D7DA39 /* CoreData.framework in Frameworks */,
				22F3CC2A1293318D00D7DA39 /* CoreGraphics.framework in Frameworks */,
				22F3CC2C1293318D00D7DA39 /* Foundation.framework in Frameworks */,
				22F3CC2E1293318D00D7DA39 /* UIKit.framework in Frameworks */,
				22F3CC301293318D00D7DA39 /* libxml2.dylib in Frameworks */,
			);
			runOnlyForDeploymentPostprocessing = 0;
		};
		220E8F1412920D5F001C8B4E /* Frameworks */ = {
			isa = PBXFrameworksBuildPhase;
			buildActionMask = 2147483647;
			files = (
				220E8F1912920D5F001C8B4E /* UIKit.framework in Frameworks */,
			);
			runOnlyForDeploymentPostprocessing = 0;
		};
/* End PBXFrameworksBuildPhase section */

/* Begin PBXGroup section */
		220E8F1212920D5F001C8B4E /* Tests */ = {
			isa = PBXGroup;
			children = (
				220E8F2012920D5F001C8B4E /* RoseBandwidthTests.h */,
				220E8F2212920D5F001C8B4E /* RoseBandwidthTests.m */,
			);
			path = Tests;
			sourceTree = "<group>";
		};
		224E8749124FE87D00CEBF0F /* Network */ = {
			isa = PBXGroup;
			children = (
				224E8762124FFA8000CEBF0F /* XPathQuery.h */,
				224E8763124FFA8000CEBF0F /* XPathQuery.m */,
				224E874A124FE8B400CEBF0F /* BandwidthScraper.h */,
				224E874B124FE8B400CEBF0F /* BandwidthScraper.m */,
				224E874D124FE91300CEBF0F /* BandwidthScraperDelegate.h */,
			);
			name = Network;
			sourceTree = "<group>";
		};
		225A47F01250580B0004B2B2 /* Views */ = {
			isa = PBXGroup;
			children = (
				221CC9791251265F002F5069 /* VerticalProgressView.h */,
				221CC97A1251265F002F5069 /* VerticalProgressView.m */,
			);
			name = Views;
			sourceTree = "<group>";
		};
		22E27680124EA4D7003E9D3E = {
			isa = PBXGroup;
			children = (
				2237CC0B14622D2E009A2951 /* RoseBandwidth.entitlements */,
				222E786812FCD1850054276E /* iAd.framework */,
				22A1302112FC806A001EA3DA /* Security.framework */,
				22E92078125161BB00C7821F /* Models */,
				22E27687124EA4D7003E9D3E /* Classes */,
				22E27688124EA4D7003E9D3E /* Other Sources */,
				22E27689124EA4D7003E9D3E /* Resources */,
				22E2768A124EA4D7003E9D3E /* Frameworks */,
				22E27690124EA4D7003E9D3E /* Products */,
				220E8F1212920D5F001C8B4E /* Tests */,
				22F3CC271293318D00D7DA39 /* CoreData.framework */,
				22F3CC291293318D00D7DA39 /* CoreGraphics.framework */,
				22F3CC2B1293318D00D7DA39 /* Foundation.framework */,
				22F3CC2D1293318D00D7DA39 /* UIKit.framework */,
				22F3CC2F1293318D00D7DA39 /* libxml2.dylib */,
			);
			sourceTree = "<group>";
		};
		22E27687124EA4D7003E9D3E /* Classes */ = {
			isa = PBXGroup;
			children = (
				22E9208E125169FB00C7821F /* Core Data Objects */,
				225A47F01250580B0004B2B2 /* Views */,
				224E8749124FE87D00CEBF0F /* Network */,
				22E2771D124EEDDD003E9D3E /* Security */,
				22E2771C124EEDCB003E9D3E /* View controllers */,
				22E2769F124EA4D7003E9D3E /* RoseBandwidthAppDelegate.h */,
				22E276A0124EA4D7003E9D3E /* RoseBandwidthAppDelegate.m */,
			);
			path = Classes;
			sourceTree = "<group>";
		};
		22E27688124EA4D7003E9D3E /* Other Sources */ = {
			isa = PBXGroup;
			children = (
				22E27699124EA4D7003E9D3E /* RoseBandwidthiOS-Prefix.pch */,
				22E2769D124EA4D7003E9D3E /* main.m */,
				220E8F1D12920D5F001C8B4E /* RoseBandwidthTests-Prefix.pch */,
			);
			name = "Other Sources";
			sourceTree = "<group>";
		};
		22E27689124EA4D7003E9D3E /* Resources */ = {
			isa = PBXGroup;
			children = (
				22D921901329A45200924A30 /* Default.png */,
				22D921911329A45200924A30 /* Default@2x.png */,
				22FD334513208C620087111F /* Settings */,
				225909B212FCD5B900669449 /* MainWindow.xib */,
				226218931264BE320091547B /* Icon.png */,
				226218941264BE320091547B /* Icon@2x.png */,
				2262188D12637DC00091547B /* Gear.png */,
				2262188E12637DC00091547B /* Gear@2x.png */,
				22621885126361FC0091547B /* Bars.png */,
				22621886126361FC0091547B /* Bars@2x.png */,
				22E9209E12516FD800C7821F /* BandwidthHistoryTableView.xib */,
				22E276BF124EA5D3003E9D3E /* BandwidthUsageView.xib */,
				22E27698124EA4D7003E9D3E /* RoseBandwidth-Info.plist */,
				22E2769A124EA4D7003E9D3E /* InfoPlist.strings */,
				220E8F1C12920D5F001C8B4E /* RoseBandwidthTests-Info.plist */,
				2231C4F41321C66100981AEA /* Settings.plist */,
				22DCB6321328270900AF3340 /* Localizable.strings */,
			);
			name = Resources;
			sourceTree = "<group>";
		};
		22E2768A124EA4D7003E9D3E /* Frameworks */ = {
			isa = PBXGroup;
			children = (
				22E27692124EA4D7003E9D3E /* UIKit.framework */,
			);
			name = Frameworks;
			sourceTree = "<group>";
		};
		22E27690124EA4D7003E9D3E /* Products */ = {
			isa = PBXGroup;
			children = (
				220E8EF412920D5F001C8B4E /* RoseBandwidthiOS.app */,
				220E8F1812920D5F001C8B4E /* RoseBandwidthiOSTests.octest */,
			);
			name = Products;
			sourceTree = "<group>";
		};
		22E2771C124EEDCB003E9D3E /* View controllers */ = {
			isa = PBXGroup;
			children = (
				22FD333513208C480087111F /* Settings */,
				22E276BC124EA5AB003E9D3E /* BandwidthUsageViewController.h */,
				22E276BD124EA5AB003E9D3E /* BandwidthUsageViewController.m */,
				22E9209B12516FC200C7821F /* BandwidthHistoryTableViewController.h */,
				22E9209C12516FC200C7821F /* BandwidthHistoryTableViewController.m */,
				22E920BC1252160300C7821F /* RoseBandwidthTabBarController.h */,
				22E920BD1252160300C7821F /* RoseBandwidthTabBarController.m */,
				2201E1B612522885009D0021 /* BandwidthHistoryNavigationController.h */,
				2201E1B712522885009D0021 /* BandwidthHistoryNavigationController.m */,
				22FD334C13208FE10087111F /* PrimarySettingsViewController.h */,
				22FD334D13208FE10087111F /* PrimarySettingsViewController.m */,
				22140C6A1326CB4600FCF184 /* FirstRunSettingsViewController.h */,
				22140C6B1326CB4600FCF184 /* FirstRunSettingsViewController.m */,
			);
			name = "View controllers";
			sourceTree = "<group>";
		};
		22E2771D124EEDDD003E9D3E /* Security */ = {
			isa = PBXGroup;
			children = (
				22E2771E124EEE2D003E9D3E /* KerberosAccountManager.h */,
				22E2771F124EEE2D003E9D3E /* KerberosAccountManager.m */,
				22E27719124EED8E003E9D3E /* KeychainItemWrapper.h */,
				22E2771A124EED8E003E9D3E /* KeychainItemWrapper.m */,
				22E920811251637F00C7821F /* KerberosActivityDelegate.h */,
			);
			name = Security;
			sourceTree = "<group>";
		};
		22E92078125161BB00C7821F /* Models */ = {
			isa = PBXGroup;
			children = (
				225909C212FCE2AB00669449 /* RoseBandwidth.xcdatamodeld */,
			);
			name = Models;
			sourceTree = "<group>";
		};
		22E9208E125169FB00C7821F /* Core Data Objects */ = {
			isa = PBXGroup;
			children = (
				22E9208F12516CF100C7821F /* BandwidthUsageRecord.h */,
				22E9209012516CF100C7821F /* BandwidthUsageRecord.m */,
			);
			name = "Core Data Objects";
			sourceTree = "<group>";
		};
		22FD333513208C480087111F /* Settings */ = {
			isa = PBXGroup;
			children = (
				22FD333613208C5D0087111F /* MutableOrderedDictionary.h */,
				22FD333713208C5D0087111F /* MutableOrderedDictionary.m */,
				22FD333813208C5D0087111F /* PropertyEditorViewController.h */,
				22FD333913208C5D0087111F /* PropertyEditorViewController.m */,
				22FD333A13208C5D0087111F /* PropertyPickerViewController.h */,
				22FD333B13208C5D0087111F /* PropertyPickerViewController.m */,
				22FD333C13208C5D0087111F /* Setting.h */,
				22FD333D13208C5D0087111F /* Setting.m */,
				22FD333E13208C5D0087111F /* SettingsViewController.h */,
				22FD333F13208C5D0087111F /* SettingsViewController.m */,
				2231C4FD1321C7B400981AEA /* StoredSettingsManager.h */,
				2231C4FE1321C7B400981AEA /* StoredSettingsManager.m */,
			);
			name = Settings;
			sourceTree = "<group>";
		};
		22FD334513208C620087111F /* Settings */ = {
			isa = PBXGroup;
			children = (
				22FD334613208C720087111F /* PropertyEditorView.xib */,
				22FD334713208C720087111F /* PropertyPickerView.xib */,
				22FD334813208C720087111F /* SettingsViewController.xib */,
			);
			name = Settings;
			sourceTree = "<group>";
		};
/* End PBXGroup section */

/* Begin PBXNativeTarget section */
		220E8EF312920D5F001C8B4E /* RoseBandwidthiOS */ = {
			isa = PBXNativeTarget;
			buildConfigurationList = 220E8F2812920D5F001C8B4E /* Build configuration list for PBXNativeTarget "RoseBandwidthiOS" */;
			buildPhases = (
				220E8EF012920D5F001C8B4E /* Sources */,
				220E8EF112920D5F001C8B4E /* Frameworks */,
				220E8EF212920D5F001C8B4E /* Resources */,
			);
			buildRules = (
			);
			dependencies = (
			);
			name = RoseBandwidthiOS;
			productName = RoseBandwidth;
			productReference = 220E8EF412920D5F001C8B4E /* RoseBandwidthiOS.app */;
			productType = "com.apple.product-type.application";
		};
		220E8F1712920D5F001C8B4E /* RoseBandwidthiOSTests */ = {
			isa = PBXNativeTarget;
			buildConfigurationList = 220E8F2D12920D5F001C8B4E /* Build configuration list for PBXNativeTarget "RoseBandwidthiOSTests" */;
			buildPhases = (
				220E8F1312920D5F001C8B4E /* Sources */,
				220E8F1412920D5F001C8B4E /* Frameworks */,
				220E8F1512920D5F001C8B4E /* Resources */,
				220E8F1612920D5F001C8B4E /* ShellScript */,
			);
			buildRules = (
			);
			dependencies = (
			);
			name = RoseBandwidthiOSTests;
			productName = RoseBandwidthTests;
			productReference = 220E8F1812920D5F001C8B4E /* RoseBandwidthiOSTests.octest */;
			productType = "com.apple.product-type.bundle";
		};
/* End PBXNativeTarget section */

/* Begin PBXProject section */
		22E27682124EA4D7003E9D3E /* Project object */ = {
			isa = PBXProject;
			attributes = {
				LastUpgradeCheck = 0430;
			};
			buildConfigurationList = 22E27685124EA4D7003E9D3E /* Build configuration list for PBXProject "RoseBandwidthiOS" */;
			compatibilityVersion = "Xcode 3.2";
			developmentRegion = English;
			hasScannedForEncodings = 0;
			knownRegions = (
				en,
				de,
			);
			mainGroup = 22E27680124EA4D7003E9D3E;
			productRefGroup = 22E27690124EA4D7003E9D3E /* Products */;
			projectDirPath = "";
			projectRoot = "";
			targets = (
				220E8EF312920D5F001C8B4E /* RoseBandwidthiOS */,
				220E8F1712920D5F001C8B4E /* RoseBandwidthiOSTests */,
			);
		};
/* End PBXProject section */

/* Begin PBXResourcesBuildPhase section */
		220E8EF212920D5F001C8B4E /* Resources */ = {
			isa = PBXResourcesBuildPhase;
			buildActionMask = 2147483647;
			files = (
				225909BC12FCD61C00669449 /* Gear@2x.png in Resources */,
				225909BD12FCD61E00669449 /* Bars.png in Resources */,
				225909B412FCD5E000669449 /* MainWindow.xib in Resources */,
				225909B512FCD5E300669449 /* BandwidthHistoryTableView.xib in Resources */,
				225909B712FCD5EC00669449 /* BandwidthUsageView.xib in Resources */,
				225909B912FCD61500669449 /* Icon.png in Resources */,
				225909BE12FCD62000669449 /* Bars@2x.png in Resources */,
				225909BB12FCD61900669449 /* Gear.png in Resources */,
				225909BA12FCD61700669449 /* Icon@2x.png in Resources */,
				22FD334913208C720087111F /* PropertyEditorView.xib in Resources */,
				22FD334A13208C720087111F /* PropertyPickerView.xib in Resources */,
				22FD334B13208C720087111F /* SettingsViewController.xib in Resources */,
				2231C4F51321C66100981AEA /* Settings.plist in Resources */,
				22DCB6341328270900AF3340 /* Localizable.strings in Resources */,
				22D921921329A45200924A30 /* Default.png in Resources */,
				22D921931329A45200924A30 /* Default@2x.png in Resources */,
			);
			runOnlyForDeploymentPostprocessing = 0;
		};
		220E8F1512920D5F001C8B4E /* Resources */ = {
			isa = PBXResourcesBuildPhase;
			buildActionMask = 2147483647;
			files = (
				220E8F2112920D5F001C8B4E /* RoseBandwidthTests.h in Resources */,
			);
			runOnlyForDeploymentPostprocessing = 0;
		};
/* End PBXResourcesBuildPhase section */

/* Begin PBXShellScriptBuildPhase section */
		220E8F1612920D5F001C8B4E /* ShellScript */ = {
			isa = PBXShellScriptBuildPhase;
			buildActionMask = 2147483647;
			files = (
			);
			inputPaths = (
			);
			outputPaths = (
			);
			runOnlyForDeploymentPostprocessing = 0;
			shellPath = /bin/sh;
			shellScript = "# Run the unit tests in this test bundle.\n\"${SYSTEM_DEVELOPER_DIR}/Tools/RunUnitTests\"\n";
		};
/* End PBXShellScriptBuildPhase section */

/* Begin PBXSourcesBuildPhase section */
		220E8EF012920D5F001C8B4E /* Sources */ = {
			isa = PBXSourcesBuildPhase;
			buildActionMask = 2147483647;
			files = (
				223B3104129329900092525B /* XPathQuery.m in Sources */,
				223B3105129329900092525B /* BandwidthScraper.m in Sources */,
				223B3106129329900092525B /* KerberosAccountManager.m in Sources */,
				223B3107129329900092525B /* KeychainItemWrapper.m in Sources */,
				223B3108129329900092525B /* BandwidthUsageViewController.m in Sources */,
				223B3109129329900092525B /* BandwidthHistoryTableViewController.m in Sources */,
				223B310B129329900092525B /* RoseBandwidthTabBarController.m in Sources */,
				223B310C129329900092525B /* BandwidthHistoryNavigationController.m in Sources */,
				223B310D129329900092525B /* RoseBandwidthAppDelegate.m in Sources */,
				223B310E129329900092525B /* main.m in Sources */,
				223B31031293297E0092525B /* VerticalProgressView.m in Sources */,
				223B3100129329760092525B /* BandwidthUsageRecord.m in Sources */,
				225909C412FCE2AB00669449 /* RoseBandwidth.xcdatamodel in Sources */,
				22FD334013208C5D0087111F /* MutableOrderedDictionary.m in Sources */,
				22FD334113208C5D0087111F /* PropertyEditorViewController.m in Sources */,
				22FD334213208C5D0087111F /* PropertyPickerViewController.m in Sources */,
				22FD334313208C5D0087111F /* Setting.m in Sources */,
				22FD334413208C5D0087111F /* SettingsViewController.m in Sources */,
				22FD334E13208FE20087111F /* PrimarySettingsViewController.m in Sources */,
				2231C4FF1321C7B400981AEA /* StoredSettingsManager.m in Sources */,
				22140C6C1326CB4700FCF184 /* FirstRunSettingsViewController.m in Sources */,
			);
			runOnlyForDeploymentPostprocessing = 0;
		};
		220E8F1312920D5F001C8B4E /* Sources */ = {
			isa = PBXSourcesBuildPhase;
			buildActionMask = 2147483647;
			files = (
				220E8F2312920D5F001C8B4E /* RoseBandwidthTests.m in Sources */,
			);
			runOnlyForDeploymentPostprocessing = 0;
		};
/* End PBXSourcesBuildPhase section */

/* Begin PBXVariantGroup section */
		225909B212FCD5B900669449 /* MainWindow.xib */ = {
			isa = PBXVariantGroup;
			children = (
				225909B312FCD5B900669449 /* en */,
				22DCB62D13281F1400AF3340 /* de */,
				22A6041213288184000793CC /* ja */,
				22A6041613288186000793CC /* fr */,
				22A6041A13288188000793CC /* es */,
			);
			name = MainWindow.xib;
			sourceTree = "<group>";
		};
		22DCB6321328270900AF3340 /* Localizable.strings */ = {
			isa = PBXVariantGroup;
			children = (
				22DCB6331328270900AF3340 /* en */,
				22A6040C13282777000793CC /* de */,
				22A6041113288184000793CC /* ja */,
				22A6041513288186000793CC /* fr */,
				22A6041913288188000793CC /* es */,
			);
			name = Localizable.strings;
			sourceTree = "<group>";
		};
		22E2769A124EA4D7003E9D3E /* InfoPlist.strings */ = {
			isa = PBXVariantGroup;
			children = (
				22E2769B124EA4D7003E9D3E /* en */,
				22DCB62F13281F1400AF3340 /* de */,
				22A6041413288184000793CC /* ja */,
				22A6041813288186000793CC /* fr */,
				22A6041C13288188000793CC /* es */,
			);
			name = InfoPlist.strings;
			sourceTree = "<group>";
		};
		22E276BF124EA5D3003E9D3E /* BandwidthUsageView.xib */ = {
			isa = PBXVariantGroup;
			children = (
				22E276C0124EA5D3003E9D3E /* en */,
				22DCB62E13281F1400AF3340 /* de */,
				22A6041313288184000793CC /* ja */,
				22A6041713288186000793CC /* fr */,
				22A6041B13288188000793CC /* es */,
			);
			name = BandwidthUsageView.xib;
			sourceTree = "<group>";
		};
/* End PBXVariantGroup section */

/* Begin XCBuildConfiguration section */
		220E8F2412920D5F001C8B4E /* Debug */ = {
			isa = XCBuildConfiguration;
			buildSettings = {
			};
			name = Debug;
		};
		220E8F2512920D5F001C8B4E /* Release */ = {
			isa = XCBuildConfiguration;
			buildSettings = {
			};
			name = Release;
		};
		220E8F2612920D5F001C8B4E /* Debug */ = {
			isa = XCBuildConfiguration;
			buildSettings = {
			};
			name = Debug;
		};
		220E8F2712920D5F001C8B4E /* Release */ = {
			isa = XCBuildConfiguration;
			buildSettings = {
			};
			name = Release;
		};
		220E8F2912920D5F001C8B4E /* Debug */ = {
			isa = XCBuildConfiguration;
			buildSettings = {
				ALWAYS_SEARCH_USER_PATHS = NO;
				CLANG_ENABLE_OBJC_ARC = YES;
				CODE_SIGN_ENTITLEMENTS = RoseBandwidth.entitlements;
				CODE_SIGN_IDENTITY = "iPhone Developer";
				"CODE_SIGN_IDENTITY[sdk=iphoneos*]" = "iPhone Developer";
				COPY_PHASE_STRIP = NO;
				GCC_DYNAMIC_NO_PIC = NO;
				GCC_PRECOMPILE_PREFIX_HEADER = YES;
				GCC_PREFIX_HEADER = "RoseBandwidthiOS-Prefix.pch";
				GCC_VERSION = com.apple.compilers.llvm.clang.1_0;
				HEADER_SEARCH_PATHS = /usr/include/libxml2;
				INFOPLIST_FILE = "RoseBandwidth-Info.plist";
				IPHONEOS_DEPLOYMENT_TARGET = 4.3;
				PRODUCT_NAME = RoseBandwidthiOS;
				PROVISIONING_PROFILE = "";
				SDKROOT = iphoneos;
				TARGETED_DEVICE_FAMILY = 1;
				WRAPPER_EXTENSION = app;
			};
			name = Debug;
		};
		220E8F2A12920D5F001C8B4E /* Release */ = {
			isa = XCBuildConfiguration;
			buildSettings = {
				ALWAYS_SEARCH_USER_PATHS = NO;
				CLANG_ENABLE_OBJC_ARC = YES;
				CODE_SIGN_ENTITLEMENTS = RoseBandwidth.entitlements;
				CODE_SIGN_IDENTITY = "iPhone Distribution";
				"CODE_SIGN_IDENTITY[sdk=iphoneos*]" = "iPhone Distribution";
				COPY_PHASE_STRIP = YES;
				GCC_PRECOMPILE_PREFIX_HEADER = YES;
				GCC_PREFIX_HEADER = "RoseBandwidthiOS-Prefix.pch";
				GCC_VERSION = com.apple.compilers.llvm.clang.1_0;
				HEADER_SEARCH_PATHS = /usr/include/libxml2;
				INFOPLIST_FILE = "RoseBandwidth-Info.plist";
				IPHONEOS_DEPLOYMENT_TARGET = 4.3;
				PRODUCT_NAME = RoseBandwidthiOS;
				PROVISIONING_PROFILE = "";
				"PROVISIONING_PROFILE[sdk=iphoneos*]" = "";
				SDKROOT = iphoneos;
				TARGETED_DEVICE_FAMILY = 1;
				VALIDATE_PRODUCT = YES;
				WRAPPER_EXTENSION = app;
			};
			name = Release;
		};
		220E8F2B12920D5F001C8B4E /* Debug */ = {
			isa = XCBuildConfiguration;
			buildSettings = {
				CLANG_ENABLE_OBJC_ARC = YES;
				COPY_PHASE_STRIP = NO;
				GCC_DYNAMIC_NO_PIC = NO;
				GCC_OPTIMIZATION_LEVEL = 0;
				GCC_VERSION = com.apple.compilers.llvm.clang.1_0;
				PRODUCT_NAME = RoseBandwidthiOS;
			};
			name = Debug;
		};
		220E8F2C12920D5F001C8B4E /* Release */ = {
			isa = XCBuildConfiguration;
			buildSettings = {
				CLANG_ENABLE_OBJC_ARC = YES;
				COPY_PHASE_STRIP = YES;
				DEBUG_INFORMATION_FORMAT = "dwarf-with-dsym";
				GCC_VERSION = com.apple.compilers.llvm.clang.1_0;
				PRODUCT_NAME = RoseBandwidthiOS;
			};
			name = Release;
		};
		220E8F2E12920D5F001C8B4E /* Debug */ = {
			isa = XCBuildConfiguration;
			buildSettings = {
				ALWAYS_SEARCH_USER_PATHS = NO;
				FRAMEWORK_SEARCH_PATHS = (
					"$(SDKROOT)/Developer/Library/Frameworks",
					"$(DEVELOPER_LIBRARY_DIR)/Frameworks",
				);
				GCC_PRECOMPILE_PREFIX_HEADER = YES;
				GCC_PREFIX_HEADER = "RoseBandwidthTests-Prefix.pch";
				INFOPLIST_FILE = "RoseBandwidthTests-Info.plist";
				IPHONEOS_DEPLOYMENT_TARGET = 4.2;
				OTHER_LDFLAGS = (
					"-framework",
					SenTestingKit,
				);
				PRODUCT_NAME = RoseBandwidthiOSTests;
				SDKROOT = iphoneos;
				WRAPPER_EXTENSION = octest;
			};
			name = Debug;
		};
		220E8F2F12920D5F001C8B4E /* Release */ = {
			isa = XCBuildConfiguration;
			buildSettings = {
				ALWAYS_SEARCH_USER_PATHS = NO;
				FRAMEWORK_SEARCH_PATHS = (
					"$(SDKROOT)/Developer/Library/Frameworks",
					"$(DEVELOPER_LIBRARY_DIR)/Frameworks",
				);
				GCC_PRECOMPILE_PREFIX_HEADER = YES;
				GCC_PREFIX_HEADER = "RoseBandwidthTests-Prefix.pch";
				INFOPLIST_FILE = "RoseBandwidthTests-Info.plist";
				IPHONEOS_DEPLOYMENT_TARGET = 4.2;
				OTHER_LDFLAGS = (
					"-framework",
					SenTestingKit,
				);
				PRODUCT_NAME = RoseBandwidthiOSTests;
				SDKROOT = iphoneos;
				WRAPPER_EXTENSION = octest;
			};
			name = Release;
		};
		220E8F3012920D5F001C8B4E /* Debug */ = {
			isa = XCBuildConfiguration;
			buildSettings = {
				COPY_PHASE_STRIP = NO;
				GCC_DYNAMIC_NO_PIC = NO;
				GCC_OPTIMIZATION_LEVEL = 0;
				PRODUCT_NAME = RoseBandwidthiOSTests;
			};
			name = Debug;
		};
		220E8F3112920D5F001C8B4E /* Release */ = {
			isa = XCBuildConfiguration;
			buildSettings = {
				COPY_PHASE_STRIP = YES;
				DEBUG_INFORMATION_FORMAT = "dwarf-with-dsym";
				PRODUCT_NAME = RoseBandwidthiOSTests;
			};
			name = Release;
		};
		220E8F3212920D5F001C8B4E /* Debug */ = {
			isa = XCBuildConfiguration;
			buildSettings = {
				COPY_PHASE_STRIP = NO;
				GCC_DYNAMIC_NO_PIC = NO;
				GCC_OPTIMIZATION_LEVEL = 0;
				PRODUCT_NAME = RoseBandwidthiOSTests;
			};
			name = Debug;
		};
		220E8F3312920D5F001C8B4E /* Release */ = {
			isa = XCBuildConfiguration;
			buildSettings = {
				COPY_PHASE_STRIP = YES;
				DEBUG_INFORMATION_FORMAT = "dwarf-with-dsym";
				PRODUCT_NAME = RoseBandwidthiOSTests;
			};
			name = Release;
		};
		22E276B1124EA4D7003E9D3E /* Debug */ = {
			isa = XCBuildConfiguration;
			buildSettings = {
				ARCHS = "$(ARCHS_STANDARD_32_BIT)";
				"CODE_SIGN_IDENTITY[sdk=iphoneos*]" = "iPhone Developer";
				CURRENT_PROJECT_VERSION = "1.0-beta1";
				GCC_C_LANGUAGE_STANDARD = gnu99;
				GCC_OPTIMIZATION_LEVEL = 0;
				GCC_PREPROCESSOR_DEFINITIONS = DEBUG;
				GCC_WARN_ABOUT_RETURN_TYPE = YES;
				GCC_WARN_UNUSED_VARIABLE = YES;
				HEADER_SEARCH_PATHS = "$(SDKROOT)/usr/include/libxml2";
				IPHONEOS_DEPLOYMENT_TARGET = 4.3;
				"PROVISIONING_PROFILE[sdk=iphoneos*]" = "";
				SDKROOT = iphoneos;
				VERSIONING_SYSTEM = "";
			};
			name = Debug;
		};
		22E276B2124EA4D7003E9D3E /* Release */ = {
			isa = XCBuildConfiguration;
			buildSettings = {
				ARCHS = "$(ARCHS_STANDARD_32_BIT)";
				"CODE_SIGN_IDENTITY[sdk=iphoneos*]" = "iPhone Distribution";
				CURRENT_PROJECT_VERSION = "1.0-beta1";
				GCC_C_LANGUAGE_STANDARD = gnu99;
				GCC_WARN_ABOUT_RETURN_TYPE = YES;
				GCC_WARN_UNUSED_VARIABLE = YES;
				HEADER_SEARCH_PATHS = "$(SDKROOT)/usr/include/libxml2";
				IPHONEOS_DEPLOYMENT_TARGET = 4.3;
				OTHER_CFLAGS = "-DNS_BLOCK_ASSERTIONS=1";
				"PROVISIONING_PROFILE[sdk=iphoneos*]" = "";
				SDKROOT = iphoneos;
				VERSIONING_SYSTEM = "";
			};
			name = Release;
		};
/* End XCBuildConfiguration section */

/* Begin XCConfigurationList section */
		220E8F2812920D5F001C8B4E /* Build configuration list for PBXNativeTarget "RoseBandwidthiOS" */ = {
			isa = XCConfigurationList;
			buildConfigurations = (
				220E8F2912920D5F001C8B4E /* Debug */,
				220E8F2A12920D5F001C8B4E /* Release */,
				220E8F2B12920D5F001C8B4E /* Debug */,
				220E8F2C12920D5F001C8B4E /* Release */,
			);
			defaultConfigurationIsVisible = 0;
			defaultConfigurationName = Release;
		};
		220E8F2D12920D5F001C8B4E /* Build configuration list for PBXNativeTarget "RoseBandwidthiOSTests" */ = {
			isa = XCConfigurationList;
			buildConfigurations = (
				220E8F2E12920D5F001C8B4E /* Debug */,
				220E8F2F12920D5F001C8B4E /* Release */,
				220E8F3012920D5F001C8B4E /* Debug */,
				220E8F3112920D5F001C8B4E /* Release */,
				220E8F3212920D5F001C8B4E /* Debug */,
				220E8F3312920D5F001C8B4E /* Release */,
			);
			defaultConfigurationIsVisible = 0;
			defaultConfigurationName = Release;
		};
		22E27685124EA4D7003E9D3E /* Build configuration list for PBXProject "RoseBandwidthiOS" */ = {
			isa = XCConfigurationList;
			buildConfigurations = (
				22E276B1124EA4D7003E9D3E /* Debug */,
				22E276B2124EA4D7003E9D3E /* Release */,
				220E8F2412920D5F001C8B4E /* Debug */,
				220E8F2512920D5F001C8B4E /* Release */,
				220E8F2612920D5F001C8B4E /* Debug */,
				220E8F2712920D5F001C8B4E /* Release */,
			);
			defaultConfigurationIsVisible = 0;
			defaultConfigurationName = Release;
		};
/* End XCConfigurationList section */

/* Begin XCVersionGroup section */
		225909C212FCE2AB00669449 /* RoseBandwidth.xcdatamodeld */ = {
			isa = XCVersionGroup;
			children = (
				225909C312FCE2AB00669449 /* RoseBandwidth.xcdatamodel */,
			);
			currentVersion = 225909C312FCE2AB00669449 /* RoseBandwidth.xcdatamodel */;
			name = RoseBandwidth.xcdatamodeld;
			path = Resources/RoseBandwidth.xcdatamodeld;
			sourceTree = "<group>";
			versionGroupType = wrapper.xcdatamodel;
		};
/* End XCVersionGroup section */
	};
	rootObject = 22E27682124EA4D7003E9D3E /* Project object */;
}
